
Microsoft Visual Studio Solution File, Format Version 12.00
# Visual Studio Version 17
VisualStudioVersion = 17.14.36414.22 d17.14
MinimumVisualStudioVersion = 10.0.40219.1
Project("{FAE04EC0-301F-11D3-BF4B-00C04F79EFBC}") = "Renault DRL", "Renault DRL.csproj", "{472A3981-1A42-40CF-8860-19758BCF3E22}"
EndProject
Global
	GlobalSection(SolutionConfigurationPlatforms) = preSolution
		Debug|Any CPU = Debug|Any CPU
		Release|Any CPU = Release|Any CPU
	EndGlobalSection
	GlobalSection(ProjectConfigurationPlatforms) = postSolution
		{472A3981-1A42-40CF-8860-19758BCF3E22}.Debug|Any CPU.ActiveCfg = Debug|Any CPU
		{472A3981-1A42-40CF-8860-19758BCF3E22}.Debug|Any CPU.Build.0 = Debug|Any CPU
		{472A3981-1A42-40CF-8860-19758BCF3E22}.Release|Any CPU.ActiveCfg = Release|Any CPU
		{472A3981-1A42-40CF-8860-19758BCF3E22}.Release|Any CPU.Build.0 = Release|Any CPU
	EndGlobalSection
	GlobalSection(SolutionProperties) = preSolution
		HideSolutionNode = FALSE
	EndGlobalSection
	GlobalSection(ExtensibilityGlobals) = postSolution
		SolutionGuid = {7B88B080-870C-4FC0-852A-F360DF85C61F}
	EndGlobalSection
EndGlobal
